# This file is automatically @generated by Cargo.
# It is not intended for manual editing.
version = 4

[[package]]
name = "ai-helper"
version = "0.1.0"

[[package]]
name = "api-gateway"
version = "0.1.0"

[[package]]
name = "common"
version = "0.1.0"

[[package]]
name = "core"
version = "0.1.0"

[[package]]
name = "db"
version = "0.1.0"

[[package]]
name = "github"
version = "0.1.0"

[[package]]
name = "scheduler"
version = "0.1.0"
